
Microsoft Visual Studio Solution File, Format Version 12.00
# Visual Studio 15
VisualStudioVersion = 15.0.28307.1622
MinimumVisualStudioVersion = 10.0.40219.1
Project("{FAE04EC0-301F-11D3-BF4B-00C04F79EFBC}") = "EazyLearn.Collections", "EazyLearn.Collections\EazyLearn.Collections.csproj", "{9DD169E8-7922-41C1-A0B8-C0E8371BA9F3}"
EndProject
Global
	GlobalSection(SolutionConfigurationPlatforms) = preSolution
		Debug|Any CPU = Debug|Any CPU
		Release|Any CPU = Release|Any CPU
	EndGlobalSection
	GlobalSection(ProjectConfigurationPlatforms) = postSolution
		{9DD169E8-7922-41C1-A0B8-C0E8371BA9F3}.Debug|Any CPU.ActiveCfg = Debug|Any CPU
		{9DD169E8-7922-41C1-A0B8-C0E8371BA9F3}.Debug|Any CPU.Build.0 = Debug|Any CPU
		{9DD169E8-7922-41C1-A0B8-C0E8371BA9F3}.Release|Any CPU.ActiveCfg = Release|Any CPU
		{9DD169E8-7922-41C1-A0B8-C0E8371BA9F3}.Release|Any CPU.Build.0 = Release|Any CPU
	EndGlobalSection
	GlobalSection(SolutionProperties) = preSolution
		HideSolutionNode = FALSE
	EndGlobalSection
	GlobalSection(ExtensibilityGlobals) = postSolution
		SolutionGuid = {CB6DCF5B-6701-41D6-8A57-33BB63092BCB}
	EndGlobalSection
EndGlobal
